# THIS IS AN AUTOGENERATED FILE. DO NOT EDIT THIS FILE DIRECTLY.
# yarn lockfile v1


"@fortawesome/fontawesome-free@^6.1.1":
  version "6.1.1"
  resolved "https://registry.npmjs.org/@fortawesome/fontawesome-free/-/fontawesome-free-6.1.1.tgz"
  integrity sha512-J/3yg2AIXc9wznaVqpHVX3Wa5jwKovVF0AMYSnbmcXTiL3PpRPfF58pzWucCwEiCJBp+hCNRLWClTomD8SseKg==

"@hotwired/stimulus@^3.0.0":
  version "3.0.1"
  resolved "https://registry.npmjs.org/@hotwired/stimulus/-/stimulus-3.0.1.tgz"
  integrity sha512-oHsJhgY2cip+K2ED7vKUNd2P+BEswVhrCYcJ802DSsblJFv7mPFVk3cQKvm2vHgHeDVdnj7oOKrBbzp1u8D+KA==

"@symfony/ux-chartjs@file:vendor/symfony/ux-chartjs/Resources/assets":
  version "1.1.0"

amdefine@>=0.0.4:
  version "1.0.1"
  resolved "https://registry.yarnpkg.com/amdefine/-/amdefine-1.0.1.tgz#4a5282ac164729e93619bcfd3ad151f817ce91f5"
  integrity sha512-S2Hw0TtNkMJhIabBwIojKL9YHO5T0n5eNqWJ7Lrlel/zDbftQpxpapi8tZs3X1HWa+u+QeydGmzzNU0m09+Rcg==

anymatch@~3.1.2:
  version "3.1.2"
  resolved "https://registry.npmjs.org/anymatch/-/anymatch-3.1.2.tgz"
  integrity sha512-P43ePfOAIupkguHUycrc4qJ9kz8ZiuOUijaETwX7THt0Y/GNK7v0aa8rY816xWjZ7rJdA5XdMcpVFTKMq+RvWg==
  dependencies:
    normalize-path "^3.0.0"
    picomatch "^2.0.4"

async@~0.2.6:
  version "0.2.10"
  resolved "https://registry.yarnpkg.com/async/-/async-0.2.10.tgz#b6bbe0b0674b9d719708ca38de8c237cb526c3d1"
  integrity sha512-eAkdoKxU6/LkKDBzLpT+t6Ff5EtfSF4wx1WfJiPEEV7WNLnDaRXk0oVysiEPm262roaachGexwUv94WhSgN5TQ==

binary-extensions@^2.0.0:
  version "2.2.0"
  resolved "https://registry.npmjs.org/binary-extensions/-/binary-extensions-2.2.0.tgz"
  integrity sha512-jDctJ/IVQbZoJykoeHbhXpOlNBqGNcwXJKJog42E5HDPUwQTSdjCHdihjj0DlnheQ7blbT6dHOafNAiS8ooQKA==

braces@~3.0.2:
  version "3.0.2"
  resolved "https://registry.npmjs.org/braces/-/braces-3.0.2.tgz"
  integrity sha512-b8um+L1RzM3WDSzvhm6gIz1yfTbBt6YTlcEKAvsmqCZZFw46z626lVj9j1yEPW33H5H+lBQpZMP1k8l+78Ha0A==
  dependencies:
    fill-range "^7.0.1"

chart.js@^3.4.1:
  version "3.8.0"
  resolved "https://registry.npmjs.org/chart.js/-/chart.js-3.8.0.tgz"
  integrity sha512-cr8xhrXjLIXVLOBZPkBZVF6NDeiVIrPLHcMhnON7UufudL+CNeRrD+wpYanswlm8NpudMdrt3CHoLMQMxJhHRg==

"chokidar@>=3.0.0 <4.0.0":
  version "3.5.3"
  resolved "https://registry.npmjs.org/chokidar/-/chokidar-3.5.3.tgz"
  integrity sha512-Dr3sfKRP6oTcjf2JmUmFJfeVMvXBdegxB0iVQ5eb2V10uFJUCAS8OByZdVAyVb8xXNz3GjjTgj9kLWsZTqE6kw==
  dependencies:
    anymatch "~3.1.2"
    braces "~3.0.2"
    glob-parent "~5.1.2"
    is-binary-path "~2.1.0"
    is-glob "~4.0.1"
    normalize-path "~3.0.0"
    readdirp "~3.6.0"
  optionalDependencies:
    fsevents "~2.3.2"

chokidar@~0.8.0:
  version "0.8.4"
  resolved "https://registry.yarnpkg.com/chokidar/-/chokidar-0.8.4.tgz#3b2b5066817086534ba81a092bdcf4be25b8bee0"
  integrity sha512-auWFkYQV6w4821+YQATR3ueTMRPMAK9qVzl9cyE1O7dM7l2/NI6IIDcvPrER+RzdgoCi5b9aCy3btoZFsLVJbw==
  optionalDependencies:
    fsevents pipobscure/fsevents#7dcdf9fa3f8956610fd6f69f72c67bace2de7138
    recursive-readdir "0.0.2"

easyioc@~0.1.10:
  version "0.1.13"
  resolved "https://registry.yarnpkg.com/easyioc/-/easyioc-0.1.13.tgz#a3eebbc4dcb26679aed1723a99f97c54e0b026ed"
  integrity sha512-m+Z9Ed3vYBUiImoqGHWTHjNiB3m8gHHJPlBoeWbkGufU1uT2BXd28vqGDqgdXaDXQ29p6kK66alghIvmrPi+/w==
  dependencies:
    lodash-node "~2.4.0"

encore@^0.0.30-beta:
  version "0.0.30-beta"
  resolved "https://registry.yarnpkg.com/encore/-/encore-0.0.30-beta.tgz#ce1a924bec400051fca893fe3610c8c87c99657a"
  integrity sha512-stRMj446hvKOdbnWT+DIlQBvHtThbQF2Vcajqymim4iGnIAyH104ldRu2OVHybehxVG60iw1rM2H+fX+8QIkQg==
  dependencies:
    chokidar "~0.8.0"
    easyioc "~0.1.10"
    filefetcher "0.0.1"
    handlebars "~1.2.0"
    lodash-node "~2.4.0"
    runway "~3.15.47-beta"

exec-sh@^0.2.0:
  version "0.2.2"
  resolved "https://registry.npmjs.org/exec-sh/-/exec-sh-0.2.2.tgz"
  integrity sha512-FIUCJz1RbuS0FKTdaAafAByGS0CPvU3R0MeHxgtl+djzCc//F8HakL8GzmVNZanasTbTAY/3DRFA0KpVqj/eAw==
  dependencies:
    merge "^1.2.0"

filefetcher@0.0.1:
  version "0.0.1"
  resolved "https://registry.yarnpkg.com/filefetcher/-/filefetcher-0.0.1.tgz#e1b1d0501ac80b4b8448b8de699e78670c5794a5"
  integrity sha512-QlUcZASZmbkI82SfbvJEdiVraYaKn733G5y8GULu6T1gab2XYZbNYYhA6cakkx4dv3vkhGN3bZFFVmPxxQqO0A==

fill-range@^7.0.1:
  version "7.0.1"
  resolved "https://registry.npmjs.org/fill-range/-/fill-range-7.0.1.tgz"
  integrity sha512-qOo9F+dMUmC2Lcb4BbVvnKJxTPjCm+RRpe4gDuGrzkL7mEVl/djYSu2OdQ2Pa302N4oqkSg9ir6jaLWJ2USVpQ==
  dependencies:
    to-regex-range "^5.0.1"

fsevents@pipobscure/fsevents#7dcdf9fa3f8956610fd6f69f72c67bace2de7138:
  version "0.2.1"
  resolved "https://codeload.github.com/pipobscure/fsevents/tar.gz/7dcdf9fa3f8956610fd6f69f72c67bace2de7138"
  dependencies:
    nan "~0.8.0"

fsevents@~2.3.2:
  version "2.3.2"
  resolved "https://registry.yarnpkg.com/fsevents/-/fsevents-2.3.2.tgz#8a526f78b8fdf4623b709e0b975c52c24c02fd1a"
  integrity sha512-xiqMQR4xAeHTuB9uWm+fFRcIOgKBMiOBP+eXiyT7jsgVCq1bkVygt00oASowB7EdtpOHaaPgKt812P9ab+DDKA==

glob-parent@~5.1.2:
  version "5.1.2"
  resolved "https://registry.npmjs.org/glob-parent/-/glob-parent-5.1.2.tgz"
  integrity sha512-AOIgSQCepiJYwP3ARnGx+5VnTu2HBYdzbGP45eLw1vr3zB3vZLeyed1sC9hnbcOc9/SrMyM5RPQrkGz4aS9Zow==
  dependencies:
    is-glob "^4.0.1"

handlebars@~1.2.0:
  version "1.2.1"
  resolved "https://registry.yarnpkg.com/handlebars/-/handlebars-1.2.1.tgz#0a9016379064f8957779bdc2812869120aba9d98"
  integrity sha512-wIcUhiIZjjbcwoEagGbYNnWbzEvFBGtUXFlek7rlyzkClAf42btC8OchVBDOYiFKYbxDVB0BJGtANahdoCwrtg==
  dependencies:
    optimist "~0.3"
  optionalDependencies:
    uglify-js "~2.3"

immutable@^4.0.0:
  version "4.1.0"
  resolved "https://registry.npmjs.org/immutable/-/immutable-4.1.0.tgz"
  integrity sha512-oNkuqVTA8jqG1Q6c+UglTOD1xhC1BtjKI7XkCXRkZHrN5m18/XsnUp8Q89GkQO/z+0WjonSvl0FLhDYftp46nQ==

is-binary-path@~2.1.0:
  version "2.1.0"
  resolved "https://registry.npmjs.org/is-binary-path/-/is-binary-path-2.1.0.tgz"
  integrity sha512-ZMERYes6pDydyuGidse7OsHxtbI7WVeUEozgR/g7rd0xUimYNlvZRE/K2MgZTjWy725IfelLeVcEM97mmtRGXw==
  dependencies:
    binary-extensions "^2.0.0"

is-extglob@^2.1.1:
  version "2.1.1"
  resolved "https://registry.npmjs.org/is-extglob/-/is-extglob-2.1.1.tgz"
  integrity sha512-SbKbANkN603Vi4jEZv49LeVJMn4yGwsbzZworEoyEiutsN3nJYdbO36zfhGJ6QEDpOZIFkDtnq5JRxmvl3jsoQ==

is-glob@^4.0.1, is-glob@~4.0.1:
  version "4.0.3"
  resolved "https://registry.npmjs.org/is-glob/-/is-glob-4.0.3.tgz"
  integrity sha512-xelSayHH36ZgE7ZWhli7pW34hNbNl8Ojv5KVmkJD4hBdD3th8Tfk9vYasLM+mXWOZhFkgZfxhLSnrwRr4elSSg==
  dependencies:
    is-extglob "^2.1.1"

is-number@^7.0.0:
  version "7.0.0"
  resolved "https://registry.npmjs.org/is-number/-/is-number-7.0.0.tgz"
  integrity sha512-41Cifkg6e8TylSpdtTpeLVMqvSBEVzTttHvERD741+pnZ8ANv0004MRL43QKPDlK9cGvNp6NZWZUBlbGXYxxng==

jquery@^3.6.0:
  version "3.6.0"
  resolved "https://registry.npmjs.org/jquery/-/jquery-3.6.0.tgz"
  integrity sha512-JVzAR/AjBvVt2BmYhxRCSYysDsPcssdmTFnzyLEts9qNwmjmu4JTAMYubEfwVOSwpQ1I1sKKFcxhZCI2buerfw==

klona@^2.0.4:
  version "2.0.5"
  resolved "https://registry.npmjs.org/klona/-/klona-2.0.5.tgz"
  integrity sha512-pJiBpiXMbt7dkzXe8Ghj/u4FfXOOa98fPW+bihOJ4SjnoijweJrNThJfd3ifXpXhREjpoF2mZVH1GfS9LV3kHQ==

lodash-node@~2.4.0, lodash-node@~2.4.1:
  version "2.4.1"
  resolved "https://registry.yarnpkg.com/lodash-node/-/lodash-node-2.4.1.tgz#ea82f7b100c733d1a42af76801e506105e2a80ec"
  integrity sha512-egEt8eNQp2kZWRmngahiqMoDCDCENv3uM188S7Ed5t4k3v6RrLELXC+FqLNMUnhCo7gvQX3G1V8opK/Lcslahg==

merge@^1.2.0:
  version "1.2.1"
  resolved "https://registry.npmjs.org/merge/-/merge-1.2.1.tgz"
  integrity sha512-VjFo4P5Whtj4vsLzsYBu5ayHhoHJ0UqNm7ibvShmbmoz7tGi0vXaoJbGdB+GmDMLUdg8DpQXEIeVDAe8MaABvQ==

minimist@^1.2.0:
  version "1.2.6"
  resolved "https://registry.npmjs.org/minimist/-/minimist-1.2.6.tgz"
  integrity sha512-Jsjnk4bw3YJqYzbdyBiNsPWHPfO++UGG749Cxs6peCu5Xg4nrena6OVxOYxrQTqww0Jmwt+Ref8rggumkTLz9Q==

nan@~0.8.0:
  version "0.8.0"
  resolved "https://registry.yarnpkg.com/nan/-/nan-0.8.0.tgz#022a8fa5e9fe8420964ac1fb3dc94e17f449f5fd"
  integrity sha512-M+vkONtYYOj3IH4em2DsC4PxXtihcZSxHfoQnEIDJqQt7PrWMvWW5YCoAYvHHChffVW5BazqzZrTsa/+Y5cBLw==

neo-async@^2.6.2:
  version "2.6.2"
  resolved "https://registry.npmjs.org/neo-async/-/neo-async-2.6.2.tgz"
  integrity sha512-Yd3UES5mWCSqR+qNT93S3UoYUkqAZ9lLg8a7g9rimsWmYGK8cVToA4/sF3RrshdyV3sAGMXVUmpMYOw+dLpOuw==

normalize-path@^3.0.0, normalize-path@~3.0.0:
  version "3.0.0"
  resolved "https://registry.npmjs.org/normalize-path/-/normalize-path-3.0.0.tgz"
  integrity sha512-6eZs5Ls3WtCisHWp9S2GUy8dqkpGi4BVSz3GaqiE6ezub0512ESztXUwUB6C6IKbQkY2Pnb/mD4WYojCRwcwLA==

optimist@~0.3, optimist@~0.3.5:
  version "0.3.7"
  resolved "https://registry.yarnpkg.com/optimist/-/optimist-0.3.7.tgz#c90941ad59e4273328923074d2cf2e7cbc6ec0d9"
  integrity sha512-TCx0dXQzVtSCg2OgY/bO9hjM9cV4XYx09TVK+s3+FhkjT6LovsLe+pPMzpWf+6yXK/hUizs2gUoTw3jHM0VaTQ==
  dependencies:
    wordwrap "~0.0.2"

picomatch@^2.0.4, picomatch@^2.2.1:
  version "2.3.1"
  resolved "https://registry.npmjs.org/picomatch/-/picomatch-2.3.1.tgz"
  integrity sha512-JU3teHTNjmE2VCGFzuY8EXzCDVwEqB2a8fsIvwaStHhAWJEeVd1o1QD80CU6+ZdEXXSLbSsuLwJjkCBWqRQUVA==

readdirp@~3.6.0:
  version "3.6.0"
  resolved "https://registry.npmjs.org/readdirp/-/readdirp-3.6.0.tgz"
  integrity sha512-hOS089on8RduqdbhvQ5Z37A0ESjsqz6qnRcffsMU3495FuTdqSm+7bhJ29JvIOsBDEEnan5DPu9t3To9VRlMzA==
  dependencies:
    picomatch "^2.2.1"

recursive-readdir@0.0.2:
  version "0.0.2"
  resolved "https://registry.yarnpkg.com/recursive-readdir/-/recursive-readdir-0.0.2.tgz#0bc47dc4838e646dccfba0507b5e57ffbff35f7c"
  integrity sha512-h/GBQZmT5LPqJvuTRDJKruc0SLd/ZvCgwUgwA3XdFQ6tT0J7O2Au5IbwxB+a2Cl22atdxLiG4KrKgOrMc+eZDQ==

runway@~3.15.47-beta:
  version "3.15.47-beta"
  resolved "https://registry.yarnpkg.com/runway/-/runway-3.15.47-beta.tgz#425041292ab01477fa33a0b28cf6ab96bd9357dc"
  integrity sha512-K/Iiwth4tjKoha4WBLnUXc2YDRu2jo/kxkR7C8GQxkNNEujzM4E1irFFzaCbd7nkeGIVgd66b3Sn2E7VBXYBUQ==
  dependencies:
    lodash-node "~2.4.1"

sass-loader@^12.0.0:
  version "12.0.0"
  resolved "https://registry.npmjs.org/sass-loader/-/sass-loader-12.0.0.tgz"
  integrity sha512-LJQMyDdNdhcvoO2gJFw7KpTaioVFDeRJOuatRDUNgCIqyu4s4kgDsNofdGzAZB1zFOgo/p3fy+aR/uGXamcJBg==
  dependencies:
    klona "^2.0.4"
    neo-async "^2.6.2"

sass@^1.52.3:
  version "1.52.3"
  resolved "https://registry.npmjs.org/sass/-/sass-1.52.3.tgz"
  integrity sha512-LNNPJ9lafx+j1ArtA7GyEJm9eawXN8KlA1+5dF6IZyoONg1Tyo/g+muOsENWJH/2Q1FHbbV4UwliU0cXMa/VIA==
  dependencies:
    chokidar ">=3.0.0 <4.0.0"
    immutable "^4.0.0"
    source-map-js ">=0.6.2 <2.0.0"

"source-map-js@>=0.6.2 <2.0.0":
  version "1.0.2"
  resolved "https://registry.npmjs.org/source-map-js/-/source-map-js-1.0.2.tgz"
  integrity sha512-R0XvVJ9WusLiqTCEiGCmICCMplcCkIwwR11mOSD9CR5u+IXYdiseeEuXCVAjS54zqwkLcPNnmU4OeJ6tUrWhDw==

source-map@~0.1.7:
  version "0.1.43"
  resolved "https://registry.yarnpkg.com/source-map/-/source-map-0.1.43.tgz#c24bc146ca517c1471f5dacbe2571b2b7f9e3346"
  integrity sha512-VtCvB9SIQhk3aF6h+N85EaqIaBFIAfZ9Cu+NJHHVvc8BbEcnvDcFw6sqQ2dQrT6SlOrZq3tIvyD9+EGq/lJryQ==
  dependencies:
    amdefine ">=0.0.4"

to-regex-range@^5.0.1:
  version "5.0.1"
  resolved "https://registry.npmjs.org/to-regex-range/-/to-regex-range-5.0.1.tgz"
  integrity sha512-65P7iz6X5yEr1cwcgvQxbbIw7Uk3gOy5dIdtZ4rDveLqhrdJP+Li/Hx6tyK0NEb+2GCyneCMJiGqrADCSNk8sQ==
  dependencies:
    is-number "^7.0.0"

uglify-js@~2.3:
  version "2.3.6"
  resolved "https://registry.yarnpkg.com/uglify-js/-/uglify-js-2.3.6.tgz#fa0984770b428b7a9b2a8058f46355d14fef211a"
  integrity sha1-+gmEdwtCi3qbKoBY9GNV0U/vIRo=
  dependencies:
    async "~0.2.6"
    optimist "~0.3.5"
    source-map "~0.1.7"

watch@^1.0.2:
  version "1.0.2"
  resolved "https://registry.npmjs.org/watch/-/watch-1.0.2.tgz"
  integrity sha1-NApxe952Vyb6CqB9ch4BR6VR3ww=
  dependencies:
    exec-sh "^0.2.0"
    minimist "^1.2.0"

wordwrap@~0.0.2:
  version "0.0.3"
  resolved "https://registry.yarnpkg.com/wordwrap/-/wordwrap-0.0.3.tgz#a3d5da6cd5c0bc0008d37234bbaf1bed63059107"
  integrity sha1-o9XabNXAvAAI03I0u68b7WMFkQc=
